// !$*UTF8*$!
{
	archiveVersion = 1;
	classes = {
	};
	objectVersion = 46;
	objects = {

/* Begin PBXBuildFile section */
		F78153A21ED372D700470ED2 /* main.m in Sources */ = {isa = PBXBuildFile; fileRef = F78153A11ED372D700470ED2 /* main.m */; };
		F78153A51ED372D700470ED2 /* AppDelegate.m in Sources */ = {isa = PBXBuildFile; fileRef = F78153A41ED372D700470ED2 /* AppDelegate.m */; };
		F78153A81ED372D700470ED2 /* ViewController.m in Sources */ = {isa = PBXBuildFile; fileRef = F78153A71ED372D700470ED2 /* ViewController.m */; };
		F78153AB1ED372D700470ED2 /* Main.storyboard in Resources */ = {isa = PBXBuildFile; fileRef = F78153A91ED372D700470ED2 /* Main.storyboard */; };
		F78153AE1ED372D700470ED2 /* rh_objc.xcdatamodeld in Sources */ = {isa = PBXBuildFile; fileRef = F78153AC1ED372D700470ED2 /* rh_objc.xcdatamodeld */; };
		F78153B01ED372D700470ED2 /* Assets.xcassets in Resources */ = {isa = PBXBuildFile; fileRef = F78153AF1ED372D700470ED2 /* Assets.xcassets */; };
		F78153B31ED372D700470ED2 /* LaunchScreen.storyboard in Resources */ = {isa = PBXBuildFile; fileRef = F78153B11ED372D700470ED2 /* LaunchScreen.storyboard */; };
/* End PBXBuildFile section */

/* Begin PBXFileReference section */
		F781539D1ED372D700470ED2 /* rh-objc.app */ = {isa = PBXFileReference; explicitFileType = wrapper.application; includeInIndex = 0; path = "rh-objc.app"; sourceTree = BUILT_PRODUCTS_DIR; };
		F78153A11ED372D700470ED2 /* main.m */ = {isa = PBXFileReference; lastKnownFileType = sourcecode.c.objc; path = main.m; sourceTree = "<group>"; };
		F78153A31ED372D700470ED2 /* AppDelegate.h */ = {isa = PBXFileReference; lastKnownFileType = sourcecode.c.h; path = AppDelegate.h; sourceTree = "<group>"; };
		F78153A41ED372D700470ED2 /* AppDelegate.m */ = {isa = PBXFileReference; lastKnownFileType = sourcecode.c.objc; path = AppDelegate.m; sourceTree = "<group>"; };
		F78153A61ED372D700470ED2 /* ViewController.h */ = {isa = PBXFileReference; lastKnownFileType = sourcecode.c.h; path = ViewController.h; sourceTree = "<group>"; };
		F78153A71ED372D700470ED2 /* ViewController.m */ = {isa = PBXFileReference; lastKnownFileType = sourcecode.c.objc; path = ViewController.m; sourceTree = "<group>"; };
		F78153AA1ED372D700470ED2 /* Base */ = {isa = PBXFileReference; lastKnownFileType = file.storyboard; name = Base; path = Base.lproj/Main.storyboard; sourceTree = "<group>"; };
		F78153AD1ED372D700470ED2 /* rh_objc.xcdatamodel */ = {isa = PBXFileReference; lastKnownFileType = wrapper.xcdatamodel; path = rh_objc.xcdatamodel; sourceTree = "<group>"; };
		F78153AF1ED372D700470ED2 /* Assets.xcassets */ = {isa = PBXFileReference; lastKnownFileType = folder.assetcatalog; path = Assets.xcassets; sourceTree = "<group>"; };
		F78153B21ED372D700470ED2 /* Base */ = {isa = PBXFileReference; lastKnownFileType = file.storyboard; name = Base; path = Base.lproj/LaunchScreen.storyboard; sourceTree = "<group>"; };
		F78153B41ED372D700470ED2 /* Info.plist */ = {isa = PBXFileReference; lastKnownFileType = text.plist.xml; path = Info.plist; sourceTree = "<group>"; };
/* End PBXFileReference section */

/* Begin PBXFrameworksBuildPhase section */
		F781539A1ED372D700470ED2 /* Frameworks */ = {
			isa = PBXFrameworksBuildPhase;
			buildActionMask = 2147483647;
			files = (
			);
			runOnlyForDeploymentPostprocessing = 0;
		};
/* End PBXFrameworksBuildPhase section */

/* Begin PBXGroup section */
		F78153941ED372D700470ED2 = {
			isa = PBXGroup;
			children = (
				F781539F1ED372D700470ED2 /* rh-objc */,
				F781539E1ED372D700470ED2 /* Products */,
			);
			sourceTree = "<group>";
		};
		F781539E1ED372D700470ED2 /* Products */ = {
			isa = PBXGroup;
			children = (
				F781539D1ED372D700470ED2 /* rh-objc.app */,
			);
			name = Products;
			sourceTree = "<group>";
		};
		F781539F1ED372D700470ED2 /* rh-objc */ = {
			isa = PBXGroup;
			children = (
				F78153A31ED372D700470ED2 /* AppDelegate.h */,
				F78153A41ED372D700470ED2 /* AppDelegate.m */,
				F78153A61ED372D700470ED2 /* ViewController.h */,
				F78153A71ED372D700470ED2 /* ViewController.m */,
				F78153A91ED372D700470ED2 /* Main.storyboard */,
				F78153AF1ED372D700470ED2 /* Assets.xcassets */,
				F78153B11ED372D700470ED2 /* LaunchScreen.storyboard */,
				F78153B41ED372D700470ED2 /* Info.plist */,
				F78153AC1ED372D700470ED2 /* rh_objc.xcdatamodeld */,
				F78153A01ED372D700470ED2 /* Supporting Files */,
			);
			path = "rh-objc";
			sourceTree = "<group>";
		};
		F78153A01ED372D700470ED2 /* Supporting Files */ = {
			isa = PBXGroup;
			children = (
				F78153A11ED372D700470ED2 /* main.m */,
			);
			name = "Supporting Files";
			sourceTree = "<group>";
		};
/* End PBXGroup section */

/* Begin PBXNativeTarget section */
		F781539C1ED372D700470ED2 /* rh-objc */ = {
			isa = PBXNativeTarget;
			buildConfigurationList = F78153B71ED372D700470ED2 /* Build configuration list for PBXNativeTarget "rh-objc" */;
			buildPhases = (
				F78153991ED372D700470ED2 /* Sources */,
				F781539A1ED372D700470ED2 /* Frameworks */,
				F781539B1ED372D700470ED2 /* Resources */,
			);
			buildRules = (
			);
			dependencies = (
			);
			name = "rh-objc";
			productName = "rh-objc";
			productReference = F781539D1ED372D700470ED2 /* rh-objc.app */;
			productType = "com.apple.product-type.application";
		};
/* End PBXNativeTarget section */

/* Begin PBXProject section */
		F78153951ED372D700470ED2 /* Project object */ = {
			isa = PBXProject;
			attributes = {
				LastUpgradeCheck = 0820;
				ORGANIZATIONNAME = "aditya kamini";
				TargetAttributes = {
					F781539C1ED372D700470ED2 = {
						CreatedOnToolsVersion = 8.2.1;
						ProvisioningStyle = Automatic;
					};
				};
			};
			buildConfigurationList = F78153981ED372D700470ED2 /* Build configuration list for PBXProject "rh-objc" */;
			compatibilityVersion = "Xcode 3.2";
			developmentRegion = English;
			hasScannedForEncodings = 0;
			knownRegions = (
				en,
				Base,
			);
			mainGroup = F78153941ED372D700470ED2;
			productRefGroup = F781539E1ED372D700470ED2 /* Products */;
			projectDirPath = "";
			projectRoot = "";
			targets = (
				F781539C1ED372D700470ED2 /* rh-objc */,
			);
		};
/* End PBXProject section */

/* Begin PBXResourcesBuildPhase section */
		F781539B1ED372D700470ED2 /* Resources */ = {
			isa = PBXResourcesBuildPhase;
			buildActionMask = 2147483647;
			files = (
				F78153B31ED372D700470ED2 /* LaunchScreen.storyboard in Resources */,
				F78153B01ED372D700470ED2 /* Assets.xcassets in Resources */,
				F78153AB1ED372D700470ED2 /* Main.storyboard in Resources */,
			);
			runOnlyForDeploymentPostprocessing = 0;
		};
/* End PBXResourcesBuildPhase section */

/* Begin PBXSourcesBuildPhase section */
		F78153991ED372D700470ED2 /* Sources */ = {
			isa = PBXSourcesBuildPhase;
			buildActionMask = 2147483647;
			files = (
				F78153A81ED372D700470ED2 /* ViewController.m in Sources */,
				F78153A51ED372D700470ED2 /* AppDelegate.m in Sources */,
				F78153A21ED372D700470ED2 /* main.m in Sources */,
				F78153AE1ED372D700470ED2 /* rh_objc.xcdatamodeld in Sources */,
			);
			runOnlyForDeploymentPostprocessing = 0;
		};
/* End PBXSourcesBuildPhase section */

/* Begin PBXVariantGroup section */
		F78153A91ED372D700470ED2 /* Main.storyboard */ = {
			isa = PBXVariantGroup;
			children = (
				F78153AA1ED372D700470ED2 /* Base */,
			);
			name = Main.storyboard;
			sourceTree = "<group>";
		};
		F78153B11ED372D700470ED2 /* LaunchScreen.storyboard */ = {
			isa = PBXVariantGroup;
			children = (
				F78153B21ED372D700470ED2 /* Base */,
			);
			name = LaunchScreen.storyboard;
			sourceTree = "<group>";
		};
/* End PBXVariantGroup section */

/* Begin XCBuildConfiguration section */
		F78153B51ED372D700470ED2 /* Debug */ = {
			isa = XCBuildConfiguration;
			buildSettings = {
				ALWAYS_SEARCH_USER_PATHS = NO;
				CLANG_ANALYZER_NONNULL = YES;
				CLANG_CXX_LANGUAGE_STANDARD = "gnu++0x";
				CLANG_CXX_LIBRARY = "libc++";
				CLANG_ENABLE_MODULES = YES;
				CLANG_ENABLE_OBJC_ARC = YES;
				CLANG_WARN_BOOL_CONVERSION = YES;
				CLANG_WARN_CONSTANT_CONVERSION = YES;
				CLANG_WARN_DIRECT_OBJC_ISA_USAGE = YES_ERROR;
				CLANG_WARN_DOCUMENTATION_COMMENTS = YES;
				CLANG_WARN_EMPTY_BODY = YES;
				CLANG_WARN_ENUM_CONVERSION = YES;
				CLANG_WARN_INFINITE_RECURSION = YES;
				CLANG_WARN_INT_CONVERSION = YES;
				CLANG_WARN_OBJC_ROOT_CLASS = YES_ERROR;
				CLANG_WARN_SUSPICIOUS_MOVE = YES;
				CLANG_WARN_UNREACHABLE_CODE = YES;
				CLANG_WARN__DUPLICATE_METHOD_MATCH = YES;
				"CODE_SIGN_IDENTITY[sdk=iphoneos*]" = "iPhone Developer";
				COPY_PHASE_STRIP = NO;
				DEBUG_INFORMATION_FORMAT = dwarf;
				ENABLE_STRICT_OBJC_MSGSEND = YES;
				ENABLE_TESTABILITY = YES;
				GCC_C_LANGUAGE_STANDARD = gnu99;
				GCC_DYNAMIC_NO_PIC = NO;
				GCC_NO_COMMON_BLOCKS = YES;
				GCC_OPTIMIZATION_LEVEL = 0;
				GCC_PREPROCESSOR_DEFINITIONS = (
					"DEBUG=1",
					"$(inherited)",
				);
				GCC_WARN_64_TO_32_BIT_CONVERSION = YES;
				GCC_WARN_ABOUT_RETURN_TYPE = YES_ERROR;
				GCC_WARN_UNDECLARED_SELECTOR = YES;
				GCC_WARN_UNINITIALIZED_AUTOS = YES_AGGRESSIVE;
				GCC_WARN_UNUSED_FUNCTION = YES;
				GCC_WARN_UNUSED_VARIABLE = YES;
				IPHONEOS_DEPLOYMENT_TARGET = 10.2;
				MTL_ENABLE_DEBUG_INFO = YES;
				ONLY_ACTIVE_ARCH = YES;
				SDKROOT = iphoneos;
			};
			name = Debug;
		};
		F78153B61ED372D700470ED2 /* Release */ = {
			isa = XCBuildConfiguration;
			buildSettings = {
				ALWAYS_SEARCH_USER_PATHS = NO;
				CLANG_ANALYZER_NONNULL = YES;
				CLANG_CXX_LANGUAGE_STANDARD = "gnu++0x";
				CLANG_CXX_LIBRARY = "libc++";
				CLANG_ENABLE_MODULES = YES;
				CLANG_ENABLE_OBJC_ARC = YES;
				CLANG_WARN_BOOL_CONVERSION = YES;
				CLANG_WARN_CONSTANT_CONVERSION = YES;
				CLANG_WARN_DIRECT_OBJC_ISA_USAGE = YES_ERROR;
				CLANG_WARN_DOCUMENTATION_COMMENTS = YES;
				CLANG_WARN_EMPTY_BODY = YES;
				CLANG_WARN_ENUM_CONVERSION = YES;
				CLANG_WARN_INFINITE_RECURSION = YES;
				CLANG_WARN_INT_CONVERSION = YES;
				CLANG_WARN_OBJC_ROOT_CLASS = YES_ERROR;
				CLANG_WARN_SUSPICIOUS_MOVE = YES;
				CLANG_WARN_UNREACHABLE_CODE = YES;
				CLANG_WARN__DUPLICATE_METHOD_MATCH = YES;
				"CODE_SIGN_IDENTITY[sdk=iphoneos*]" = "iPhone Developer";
				COPY_PHASE_STRIP = NO;
				DEBUG_INFORMATION_FORMAT = "dwarf-with-dsym";
				ENABLE_NS_ASSERTIONS = NO;
				ENABLE_STRICT_OBJC_MSGSEND = YES;
				GCC_C_LANGUAGE_STANDARD = gnu99;
				GCC_NO_COMMON_BLOCKS = YES;
				GCC_WARN_64_TO_32_BIT_CONVERSION = YES;
				GCC_WARN_ABOUT_RETURN_TYPE = YES_ERROR;
				GCC_WARN_UNDECLARED_SELECTOR = YES;
				GCC_WARN_UNINITIALIZED_AUTOS = YES_AGGRESSIVE;
				GCC_WARN_UNUSED_FUNCTION = YES;
				GCC_WARN_UNUSED_VARIABLE = YES;
				IPHONEOS_DEPLOYMENT_TARGET = 10.2;
				MTL_ENABLE_DEBUG_INFO = NO;
				SDKROOT = iphoneos;
				VALIDATE_PRODUCT = YES;
			};
			name = Release;
		};
		F78153B81ED372D700470ED2 /* Debug */ = {
			isa = XCBuildConfiguration;
			buildSettings = {
				ASSETCATALOG_COMPILER_APPICON_NAME = AppIcon;
				INFOPLIST_FILE = "rh-objc/Info.plist";
				LD_RUNPATH_SEARCH_PATHS = "$(inherited) @executable_path/Frameworks";
				PRODUCT_BUNDLE_IDENTIFIER = com.adc.rh.challenge.objc;
				PRODUCT_NAME = "$(TARGET_NAME)";
			};
			name = Debug;
		};
		F78153B91ED372D700470ED2 /* Release */ = {
			isa = XCBuildConfiguration;
			buildSettings = {
				ASSETCATALOG_COMPILER_APPICON_NAME = AppIcon;
				INFOPLIST_FILE = "rh-objc/Info.plist";
				LD_RUNPATH_SEARCH_PATHS = "$(inherited) @executable_path/Frameworks";
				PRODUCT_BUNDLE_IDENTIFIER = com.adc.rh.challenge.objc;
				PRODUCT_NAME = "$(TARGET_NAME)";
			};
			name = Release;
		};
/* End XCBuildConfiguration section */

/* Begin XCConfigurationList section */
		F78153981ED372D700470ED2 /* Build configuration list for PBXProject "rh-objc" */ = {
			isa = XCConfigurationList;
			buildConfigurations = (
				F78153B51ED372D700470ED2 /* Debug */,
				F78153B61ED372D700470ED2 /* Release */,
			);
			defaultConfigurationIsVisible = 0;
			defaultConfigurationName = Release;
		};
		F78153B71ED372D700470ED2 /* Build configuration list for PBXNativeTarget "rh-objc" */ = {
			isa = XCConfigurationList;
			buildConfigurations = (
				F78153B81ED372D700470ED2 /* Debug */,
				F78153B91ED372D700470ED2 /* Release */,
			);
			defaultConfigurationIsVisible = 0;
		};
/* End XCConfigurationList section */

/* Begin XCVersionGroup section */
		F78153AC1ED372D700470ED2 /* rh_objc.xcdatamodeld */ = {
			isa = XCVersionGroup;
			children = (
				F78153AD1ED372D700470ED2 /* rh_objc.xcdatamodel */,
			);
			currentVersion = F78153AD1ED372D700470ED2 /* rh_objc.xcdatamodel */;
			path = rh_objc.xcdatamodeld;
			sourceTree = "<group>";
			versionGroupType = wrapper.xcdatamodel;
		};
/* End XCVersionGroup section */
	};
	rootObject = F78153951ED372D700470ED2 /* Project object */;
}
